// !$*UTF8*$!
{
	archiveVersion = 1;
	classes = {
	};
	objectVersion = 77;
	objects = {

/* Begin PBXContainerItemProxy section */
		0471C7A52EC283E00030A53F /* PBXContainerItemProxy */ = {
			isa = PBXContainerItemProxy;
			containerPortal = 0471C78F2EC283DE0030A53F /* Project object */;
			proxyType = 1;
			remoteGlobalIDString = 0471C7962EC283DE0030A53F;
			remoteInfo = UITestingPractice2registration;
		};
		0471C7AF2EC283E00030A53F /* PBXContainerItemProxy */ = {
			isa = PBXContainerItemProxy;
			containerPortal = 0471C78F2EC283DE0030A53F /* Project object */;
			proxyType = 1;
			remoteGlobalIDString = 0471C7962EC283DE0030A53F;
			remoteInfo = UITestingPractice2registration;
		};
/* End PBXContainerItemProxy section */

/* Begin PBXFileReference section */
		0471C7972EC283DE0030A53F /* UITestingPractice2registration.app */ = {isa = PBXFileReference; explicitFileType = wrapper.application; includeInIndex = 0; path = UITestingPractice2registration.app; sourceTree = BUILT_PRODUCTS_DIR; };
		0471C7A42EC283E00030A53F /* UITestingPractice2registrationTests.xctest */ = {isa = PBXFileReference; explicitFileType = wrapper.cfbundle; includeInIndex = 0; path = UITestingPractice2registrationTests.xctest; sourceTree = BUILT_PRODUCTS_DIR; };
		0471C7AE2EC283E00030A53F /* UITestingPractice2registrationUITests.xctest */ = {isa = PBXFileReference; explicitFileType = wrapper.cfbundle; includeInIndex = 0; path = UITestingPractice2registrationUITests.xctest; sourceTree = BUILT_PRODUCTS_DIR; };
/* End PBXFileReference section */

/* Begin PBXFileSystemSynchronizedRootGroup section */
		0471C7992EC283DE0030A53F /* UITestingPractice2registration */ = {
			isa = PBXFileSystemSynchronizedRootGroup;
			path = UITestingPractice2registration;
			sourceTree = "<group>";
		};
		0471C7A72EC283E00030A53F /* UITestingPractice2registrationTests */ = {
			isa = PBXFileSystemSynchronizedRootGroup;
			path = UITestingPractice2registrationTests;
			sourceTree = "<group>";
		};
		0471C7B12EC283E00030A53F /* UITestingPractice2registrationUITests */ = {
			isa = PBXFileSystemSynchronizedRootGroup;
			path = UITestingPractice2registrationUITests;
			sourceTree = "<group>";
		};
/* End PBXFileSystemSynchronizedRootGroup section */

/* Begin PBXFrameworksBuildPhase section */
		0471C7942EC283DE0030A53F /* Frameworks */ = {
			isa = PBXFrameworksBuildPhase;
			buildActionMask = 2147483647;
			files = (
			);
			runOnlyForDeploymentPostprocessing = 0;
		};
		0471C7A12EC283E00030A53F /* Frameworks */ = {
			isa = PBXFrameworksBuildPhase;
			buildActionMask = 2147483647;
			files = (
			);
			runOnlyForDeploymentPostprocessing = 0;
		};
		0471C7AB2EC283E00030A53F /* Frameworks */ = {
			isa = PBXFrameworksBuildPhase;
			buildActionMask = 2147483647;
			files = (
			);
			runOnlyForDeploymentPostprocessing = 0;
		};
/* End PBXFrameworksBuildPhase section */

/* Begin PBXGroup section */
		0471C78E2EC283DE0030A53F = {
			isa = PBXGroup;
			children = (
				0471C7992EC283DE0030A53F /* UITestingPractice2registration */,
				0471C7A72EC283E00030A53F /* UITestingPractice2registrationTests */,
				0471C7B12EC283E00030A53F /* UITestingPractice2registrationUITests */,
				0471C7982EC283DE0030A53F /* Products */,
			);
			sourceTree = "<group>";
		};
		0471C7982EC283DE0030A53F /* Products */ = {
			isa = PBXGroup;
			children = (
				0471C7972EC283DE0030A53F /* UITestingPractice2registration.app */,
				0471C7A42EC283E00030A53F /* UITestingPractice2registrationTests.xctest */,
				0471C7AE2EC283E00030A53F /* UITestingPractice2registrationUITests.xctest */,
			);
			name = Products;
			sourceTree = "<group>";
		};
/* End PBXGroup section */

/* Begin PBXNativeTarget section */
		0471C7962EC283DE0030A53F /* UITestingPractice2registration */ = {
			isa = PBXNativeTarget;
			buildConfigurationList = 0471C7B82EC283E00030A53F /* Build configuration list for PBXNativeTarget "UITestingPractice2registration" */;
			buildPhases = (
				0471C7932EC283DE0030A53F /* Sources */,
				0471C7942EC283DE0030A53F /* Frameworks */,
				0471C7952EC283DE0030A53F /* Resources */,
			);
			buildRules = (
			);
			dependencies = (
			);
			fileSystemSynchronizedGroups = (
				0471C7992EC283DE0030A53F /* UITestingPractice2registration */,
			);
			name = UITestingPractice2registration;
			packageProductDependencies = (
			);
			productName = UITestingPractice2registration;
			productReference = 0471C7972EC283DE0030A53F /* UITestingPractice2registration.app */;
			productType = "com.apple.product-type.application";
		};
		0471C7A32EC283E00030A53F /* UITestingPractice2registrationTests */ = {
			isa = PBXNativeTarget;
			buildConfigurationList = 0471C7BB2EC283E00030A53F /* Build configuration list for PBXNativeTarget "UITestingPractice2registrationTests" */;
			buildPhases = (
				0471C7A02EC283E00030A53F /* Sources */,
				0471C7A12EC283E00030A53F /* Frameworks */,
				0471C7A22EC283E00030A53F /* Resources */,
			);
			buildRules = (
			);
			dependencies = (
				0471C7A62EC283E00030A53F /* PBXTargetDependency */,
			);
			fileSystemSynchronizedGroups = (
				0471C7A72EC283E00030A53F /* UITestingPractice2registrationTests */,
			);
			name = UITestingPractice2registrationTests;
			packageProductDependencies = (
			);
			productName = UITestingPractice2registrationTests;
			productReference = 0471C7A42EC283E00030A53F /* UITestingPractice2registrationTests.xctest */;
			productType = "com.apple.product-type.bundle.unit-test";
		};
		0471C7AD2EC283E00030A53F /* UITestingPractice2registrationUITests */ = {
			isa = PBXNativeTarget;
			buildConfigurationList = 0471C7BE2EC283E00030A53F /* Build configuration list for PBXNativeTarget "UITestingPractice2registrationUITests" */;
			buildPhases = (
				0471C7AA2EC283E00030A53F /* Sources */,
				0471C7AB2EC283E00030A53F /* Frameworks */,
				0471C7AC2EC283E00030A53F /* Resources */,
			);
			buildRules = (
			);
			dependencies = (
				0471C7B02EC283E00030A53F /* PBXTargetDependency */,
			);
			fileSystemSynchronizedGroups = (
				0471C7B12EC283E00030A53F /* UITestingPractice2registrationUITests */,
			);
			name = UITestingPractice2registrationUITests;
			packageProductDependencies = (
			);
			productName = UITestingPractice2registrationUITests;
			productReference = 0471C7AE2EC283E00030A53F /* UITestingPractice2registrationUITests.xctest */;
			productType = "com.apple.product-type.bundle.ui-testing";
		};
/* End PBXNativeTarget section */

/* Begin PBXProject section */
		0471C78F2EC283DE0030A53F /* Project object */ = {
			isa = PBXProject;
			attributes = {
				BuildIndependentTargetsInParallel = 1;
				LastSwiftUpdateCheck = 1640;
				LastUpgradeCheck = 1640;
				TargetAttributes = {
					0471C7962EC283DE0030A53F = {
						CreatedOnToolsVersion = 16.4;
					};
					0471C7A32EC283E00030A53F = {
						CreatedOnToolsVersion = 16.4;
						TestTargetID = 0471C7962EC283DE0030A53F;
					};
					0471C7AD2EC283E00030A53F = {
						CreatedOnToolsVersion = 16.4;
						TestTargetID = 0471C7962EC283DE0030A53F;
					};
				};
			};
			buildConfigurationList = 0471C7922EC283DE0030A53F /* Build configuration list for PBXProject "UITestingPractice2registration" */;
			developmentRegion = en;
			hasScannedForEncodings = 0;
			knownRegions = (
				en,
				Base,
			);
			mainGroup = 0471C78E2EC283DE0030A53F;
			minimizedProjectReferenceProxies = 1;
			preferredProjectObjectVersion = 77;
			productRefGroup = 0471C7982EC283DE0030A53F /* Products */;
			projectDirPath = "";
			projectRoot = "";
			targets = (
				0471C7962EC283DE0030A53F /* UITestingPractice2registration */,
				0471C7A32EC283E00030A53F /* UITestingPractice2registrationTests */,
				0471C7AD2EC283E00030A53F /* UITestingPractice2registrationUITests */,
			);
		};
/* End PBXProject section */

/* Begin PBXResourcesBuildPhase section */
		0471C7952EC283DE0030A53F /* Resources */ = {
			isa = PBXResourcesBuildPhase;
			buildActionMask = 2147483647;
			files = (
			);
			runOnlyForDeploymentPostprocessing = 0;
		};
		0471C7A22EC283E00030A53F /* Resources */ = {
			isa = PBXResourcesBuildPhase;
			buildActionMask = 2147483647;
			files = (
			);
			runOnlyForDeploymentPostprocessing = 0;
		};
		0471C7AC2EC283E00030A53F /* Resources */ = {
			isa = PBXResourcesBuildPhase;
			buildActionMask = 2147483647;
			files = (
			);
			runOnlyForDeploymentPostprocessing = 0;
		};
/* End PBXResourcesBuildPhase section */

/* Begin PBXSourcesBuildPhase section */
		0471C7932EC283DE0030A53F /* Sources */ = {
			isa = PBXSourcesBuildPhase;
			buildActionMask = 2147483647;
			files = (
			);
			runOnlyForDeploymentPostprocessing = 0;
		};
		0471C7A02EC283E00030A53F /* Sources */ = {
			isa = PBXSourcesBuildPhase;
			buildActionMask = 2147483647;
			files = (
			);
			runOnlyForDeploymentPostprocessing = 0;
		};
		0471C7AA2EC283E00030A53F /* Sources */ = {
			isa = PBXSourcesBuildPhase;
			buildActionMask = 2147483647;
			files = (
			);
			runOnlyForDeploymentPostprocessing = 0;
		};
/* End PBXSourcesBuildPhase section */

/* Begin PBXTargetDependency section */
		0471C7A62EC283E00030A53F /* PBXTargetDependency */ = {
			isa = PBXTargetDependency;
			target = 0471C7962EC283DE0030A53F /* UITestingPractice2registration */;
			targetProxy = 0471C7A52EC283E00030A53F /* PBXContainerItemProxy */;
		};
		0471C7B02EC283E00030A53F /* PBXTargetDependency */ = {
			isa = PBXTargetDependency;
			target = 0471C7962EC283DE0030A53F /* UITestingPractice2registration */;
			targetProxy = 0471C7AF2EC283E00030A53F /* PBXContainerItemProxy */;
		};
/* End PBXTargetDependency section */

/* Begin XCBuildConfiguration section */
		0471C7B62EC283E00030A53F /* Debug */ = {
			isa = XCBuildConfiguration;
			buildSettings = {
				ALWAYS_SEARCH_USER_PATHS = NO;
				ASSETCATALOG_COMPILER_GENERATE_SWIFT_ASSET_SYMBOL_EXTENSIONS = YES;
				CLANG_ANALYZER_NONNULL = YES;
				CLANG_ANALYZER_NUMBER_OBJECT_CONVERSION = YES_AGGRESSIVE;
				CLANG_CXX_LANGUAGE_STANDARD = "gnu++20";
				CLANG_ENABLE_MODULES = YES;
				CLANG_ENABLE_OBJC_ARC = YES;
				CLANG_ENABLE_OBJC_WEAK = YES;
				CLANG_WARN_BLOCK_CAPTURE_AUTORELEASING = YES;
				CLANG_WARN_BOOL_CONVERSION = YES;
				CLANG_WARN_COMMA = YES;
				CLANG_WARN_CONSTANT_CONVERSION = YES;
				CLANG_WARN_DEPRECATED_OBJC_IMPLEMENTATIONS = YES;
				CLANG_WARN_DIRECT_OBJC_ISA_USAGE = YES_ERROR;
				CLANG_WARN_DOCUMENTATION_COMMENTS = YES;
				CLANG_WARN_EMPTY_BODY = YES;
				CLANG_WARN_ENUM_CONVERSION = YES;
				CLANG_WARN_INFINITE_RECURSION = YES;
				CLANG_WARN_INT_CONVERSION = YES;
				CLANG_WARN_NON_LITERAL_NULL_CONVERSION = YES;
				CLANG_WARN_OBJC_IMPLICIT_RETAIN_SELF = YES;
				CLANG_WARN_OBJC_LITERAL_CONVERSION = YES;
				CLANG_WARN_OBJC_ROOT_CLASS = YES_ERROR;
				CLANG_WARN_QUOTED_INCLUDE_IN_FRAMEWORK_HEADER = YES;
				CLANG_WARN_RANGE_LOOP_ANALYSIS = YES;
				CLANG_WARN_STRICT_PROTOTYPES = YES;
				CLANG_WARN_SUSPICIOUS_MOVE = YES;
				CLANG_WARN_UNGUARDED_AVAILABILITY = YES_AGGRESSIVE;
				CLANG_WARN_UNREACHABLE_CODE = YES;
				CLANG_WARN__DUPLICATE_METHOD_MATCH = YES;
				COPY_PHASE_STRIP = NO;
				DEBUG_INFORMATION_FORMAT = dwarf;
				DEVELOPMENT_TEAM = 7XUC6N2399;
				ENABLE_STRICT_OBJC_MSGSEND = YES;
				ENABLE_TESTABILITY = YES;
				ENABLE_USER_SCRIPT_SANDBOXING = YES;
				GCC_C_LANGUAGE_STANDARD = gnu17;
				GCC_DYNAMIC_NO_PIC = NO;
				GCC_NO_COMMON_BLOCKS = YES;
				GCC_OPTIMIZATION_LEVEL = 0;
				GCC_PREPROCESSOR_DEFINITIONS = (
					"DEBUG=1",
					"$(inherited)",
				);
				GCC_WARN_64_TO_32_BIT_CONVERSION = YES;
				GCC_WARN_ABOUT_RETURN_TYPE = YES_ERROR;
				GCC_WARN_UNDECLARED_SELECTOR = YES;
				GCC_WARN_UNINITIALIZED_AUTOS = YES_AGGRESSIVE;
				GCC_WARN_UNUSED_FUNCTION = YES;
				GCC_WARN_UNUSED_VARIABLE = YES;
				IPHONEOS_DEPLOYMENT_TARGET = 18.5;
				LOCALIZATION_PREFERS_STRING_CATALOGS = YES;
				MTL_ENABLE_DEBUG_INFO = INCLUDE_SOURCE;
				MTL_FAST_MATH = YES;
				ONLY_ACTIVE_ARCH = YES;
				SDKROOT = iphoneos;
				SWIFT_ACTIVE_COMPILATION_CONDITIONS = "DEBUG $(inherited)";
				SWIFT_OPTIMIZATION_LEVEL = "-Onone";
			};
			name = Debug;
		};
		0471C7B72EC283E00030A53F /* Release */ = {
			isa = XCBuildConfiguration;
			buildSettings = {
				ALWAYS_SEARCH_USER_PATHS = NO;
				ASSETCATALOG_COMPILER_GENERATE_SWIFT_ASSET_SYMBOL_EXTENSIONS = YES;
				CLANG_ANALYZER_NONNULL = YES;
				CLANG_ANALYZER_NUMBER_OBJECT_CONVERSION = YES_AGGRESSIVE;
				CLANG_CXX_LANGUAGE_STANDARD = "gnu++20";
				CLANG_ENABLE_MODULES = YES;
				CLANG_ENABLE_OBJC_ARC = YES;
				CLANG_ENABLE_OBJC_WEAK = YES;
				CLANG_WARN_BLOCK_CAPTURE_AUTORELEASING = YES;
				CLANG_WARN_BOOL_CONVERSION = YES;
				CLANG_WARN_COMMA = YES;
				CLANG_WARN_CONSTANT_CONVERSION = YES;
				CLANG_WARN_DEPRECATED_OBJC_IMPLEMENTATIONS = YES;
				CLANG_WARN_DIRECT_OBJC_ISA_USAGE = YES_ERROR;
				CLANG_WARN_DOCUMENTATION_COMMENTS = YES;
				CLANG_WARN_EMPTY_BODY = YES;
				CLANG_WARN_ENUM_CONVERSION = YES;
				CLANG_WARN_INFINITE_RECURSION = YES;
				CLANG_WARN_INT_CONVERSION = YES;
				CLANG_WARN_NON_LITERAL_NULL_CONVERSION = YES;
				CLANG_WARN_OBJC_IMPLICIT_RETAIN_SELF = YES;
				CLANG_WARN_OBJC_LITERAL_CONVERSION = YES;
				CLANG_WARN_OBJC_ROOT_CLASS = YES_ERROR;
				CLANG_WARN_QUOTED_INCLUDE_IN_FRAMEWORK_HEADER = YES;
				CLANG_WARN_RANGE_LOOP_ANALYSIS = YES;
				CLANG_WARN_STRICT_PROTOTYPES = YES;
				CLANG_WARN_SUSPICIOUS_MOVE = YES;
				CLANG_WARN_UNGUARDED_AVAILABILITY = YES_AGGRESSIVE;
				CLANG_WARN_UNREACHABLE_CODE = YES;
				CLANG_WARN__DUPLICATE_METHOD_MATCH = YES;
				COPY_PHASE_STRIP = NO;
				DEBUG_INFORMATION_FORMAT = "dwarf-with-dsym";
				DEVELOPMENT_TEAM = 7XUC6N2399;
				ENABLE_NS_ASSERTIONS = NO;
				ENABLE_STRICT_OBJC_MSGSEND = YES;
				ENABLE_USER_SCRIPT_SANDBOXING = YES;
				GCC_C_LANGUAGE_STANDARD = gnu17;
				GCC_NO_COMMON_BLOCKS = YES;
				GCC_WARN_64_TO_32_BIT_CONVERSION = YES;
				GCC_WARN_ABOUT_RETURN_TYPE = YES_ERROR;
				GCC_WARN_UNDECLARED_SELECTOR = YES;
				GCC_WARN_UNINITIALIZED_AUTOS = YES_AGGRESSIVE;
				GCC_WARN_UNUSED_FUNCTION = YES;
				GCC_WARN_UNUSED_VARIABLE = YES;
				IPHONEOS_DEPLOYMENT_TARGET = 18.5;
				LOCALIZATION_PREFERS_STRING_CATALOGS = YES;
				MTL_ENABLE_DEBUG_INFO = NO;
				MTL_FAST_MATH = YES;
				SDKROOT = iphoneos;
				SWIFT_COMPILATION_MODE = wholemodule;
				VALIDATE_PRODUCT = YES;
			};
			name = Release;
		};
		0471C7B92EC283E00030A53F /* Debug */ = {
			isa = XCBuildConfiguration;
			buildSettings = {
				ASSETCATALOG_COMPILER_APPICON_NAME = AppIcon;
				ASSETCATALOG_COMPILER_GLOBAL_ACCENT_COLOR_NAME = AccentColor;
				CODE_SIGN_STYLE = Automatic;
				CURRENT_PROJECT_VERSION = 1;
				DEVELOPMENT_TEAM = 7XUC6N2399;
				ENABLE_PREVIEWS = YES;
				GENERATE_INFOPLIST_FILE = YES;
				INFOPLIST_KEY_UIApplicationSceneManifest_Generation = YES;
				INFOPLIST_KEY_UIApplicationSupportsIndirectInputEvents = YES;
				INFOPLIST_KEY_UILaunchScreen_Generation = YES;
				INFOPLIST_KEY_UISupportedInterfaceOrientations_iPad = "UIInterfaceOrientationPortrait UIInterfaceOrientationPortraitUpsideDown UIInterfaceOrientationLandscapeLeft UIInterfaceOrientationLandscapeRight";
				INFOPLIST_KEY_UISupportedInterfaceOrientations_iPhone = "UIInterfaceOrientationPortrait UIInterfaceOrientationLandscapeLeft UIInterfaceOrientationLandscapeRight";
				LD_RUNPATH_SEARCH_PATHS = (
					"$(inherited)",
					"@executable_path/Frameworks",
				);
				MARKETING_VERSION = 1.0;
				PRODUCT_BUNDLE_IDENTIFIER = shapiev.ahmed.UITestingPractice2registration;
				PRODUCT_NAME = "$(TARGET_NAME)";
				SWIFT_EMIT_LOC_STRINGS = YES;
				SWIFT_VERSION = 5.0;
				TARGETED_DEVICE_FAMILY = "1,2";
			};
			name = Debug;
		};
		0471C7BA2EC283E00030A53F /* Release */ = {
			isa = XCBuildConfiguration;
			buildSettings = {
				ASSETCATALOG_COMPILER_APPICON_NAME = AppIcon;
				ASSETCATALOG_COMPILER_GLOBAL_ACCENT_COLOR_NAME = AccentColor;
				CODE_SIGN_STYLE = Automatic;
				CURRENT_PROJECT_VERSION = 1;
				DEVELOPMENT_TEAM = 7XUC6N2399;
				ENABLE_PREVIEWS = YES;
				GENERATE_INFOPLIST_FILE = YES;
				INFOPLIST_KEY_UIApplicationSceneManifest_Generation = YES;
				INFOPLIST_KEY_UIApplicationSupportsIndirectInputEvents = YES;
				INFOPLIST_KEY_UILaunchScreen_Generation = YES;
				INFOPLIST_KEY_UISupportedInterfaceOrientations_iPad = "UIInterfaceOrientationPortrait UIInterfaceOrientationPortraitUpsideDown UIInterfaceOrientationLandscapeLeft UIInterfaceOrientationLandscapeRight";
				INFOPLIST_KEY_UISupportedInterfaceOrientations_iPhone = "UIInterfaceOrientationPortrait UIInterfaceOrientationLandscapeLeft UIInterfaceOrientationLandscapeRight";
				LD_RUNPATH_SEARCH_PATHS = (
					"$(inherited)",
					"@executable_path/Frameworks",
				);
				MARKETING_VERSION = 1.0;
				PRODUCT_BUNDLE_IDENTIFIER = shapiev.ahmed.UITestingPractice2registration;
				PRODUCT_NAME = "$(TARGET_NAME)";
				SWIFT_EMIT_LOC_STRINGS = YES;
				SWIFT_VERSION = 5.0;
				TARGETED_DEVICE_FAMILY = "1,2";
			};
			name = Release;
		};
		0471C7BC2EC283E00030A53F /* Debug */ = {
			isa = XCBuildConfiguration;
			buildSettings = {
				BUNDLE_LOADER = "$(TEST_HOST)";
				CODE_SIGN_STYLE = Automatic;
				CURRENT_PROJECT_VERSION = 1;
				DEVELOPMENT_TEAM = 7XUC6N2399;
				GENERATE_INFOPLIST_FILE = YES;
				IPHONEOS_DEPLOYMENT_TARGET = 18.5;
				MARKETING_VERSION = 1.0;
				PRODUCT_BUNDLE_IDENTIFIER = shapiev.ahmed.UITestingPractice2registrationTests;
				PRODUCT_NAME = "$(TARGET_NAME)";
				SWIFT_EMIT_LOC_STRINGS = NO;
				SWIFT_VERSION = 5.0;
				TARGETED_DEVICE_FAMILY = "1,2";
				TEST_HOST = "$(BUILT_PRODUCTS_DIR)/UITestingPractice2registration.app/$(BUNDLE_EXECUTABLE_FOLDER_PATH)/UITestingPractice2registration";
			};
			name = Debug;
		};
		0471C7BD2EC283E00030A53F /* Release */ = {
			isa = XCBuildConfiguration;
			buildSettings = {
				BUNDLE_LOADER = "$(TEST_HOST)";
				CODE_SIGN_STYLE = Automatic;
				CURRENT_PROJECT_VERSION = 1;
				DEVELOPMENT_TEAM = 7XUC6N2399;
				GENERATE_INFOPLIST_FILE = YES;
				IPHONEOS_DEPLOYMENT_TARGET = 18.5;
				MARKETING_VERSION = 1.0;
				PRODUCT_BUNDLE_IDENTIFIER = shapiev.ahmed.UITestingPractice2registrationTests;
				PRODUCT_NAME = "$(TARGET_NAME)";
				SWIFT_EMIT_LOC_STRINGS = NO;
				SWIFT_VERSION = 5.0;
				TARGETED_DEVICE_FAMILY = "1,2";
				TEST_HOST = "$(BUILT_PRODUCTS_DIR)/UITestingPractice2registration.app/$(BUNDLE_EXECUTABLE_FOLDER_PATH)/UITestingPractice2registration";
			};
			name = Release;
		};
		0471C7BF2EC283E00030A53F /* Debug */ = {
			isa = XCBuildConfiguration;
			buildSettings = {
				CODE_SIGN_STYLE = Automatic;
				CURRENT_PROJECT_VERSION = 1;
				DEVELOPMENT_TEAM = 7XUC6N2399;
				GENERATE_INFOPLIST_FILE = YES;
				MARKETING_VERSION = 1.0;
				PRODUCT_BUNDLE_IDENTIFIER = shapiev.ahmed.UITestingPractice2registrationUITests;
				PRODUCT_NAME = "$(TARGET_NAME)";
				SWIFT_EMIT_LOC_STRINGS = NO;
				SWIFT_VERSION = 5.0;
				TARGETED_DEVICE_FAMILY = "1,2";
				TEST_TARGET_NAME = UITestingPractice2registration;
			};
			name = Debug;
		};
		0471C7C02EC283E00030A53F /* Release */ = {
			isa = XCBuildConfiguration;
			buildSettings = {
				CODE_SIGN_STYLE = Automatic;
				CURRENT_PROJECT_VERSION = 1;
				DEVELOPMENT_TEAM = 7XUC6N2399;
				GENERATE_INFOPLIST_FILE = YES;
				MARKETING_VERSION = 1.0;
				PRODUCT_BUNDLE_IDENTIFIER = shapiev.ahmed.UITestingPractice2registrationUITests;
				PRODUCT_NAME = "$(TARGET_NAME)";
				SWIFT_EMIT_LOC_STRINGS = NO;
				SWIFT_VERSION = 5.0;
				TARGETED_DEVICE_FAMILY = "1,2";
				TEST_TARGET_NAME = UITestingPractice2registration;
			};
			name = Release;
		};
/* End XCBuildConfiguration section */

/* Begin XCConfigurationList section */
		0471C7922EC283DE0030A53F /* Build configuration list for PBXProject "UITestingPractice2registration" */ = {
			isa = XCConfigurationList;
			buildConfigurations = (
				0471C7B62EC283E00030A53F /* Debug */,
				0471C7B72EC283E00030A53F /* Release */,
			);
			defaultConfigurationIsVisible = 0;
			defaultConfigurationName = Release;
		};
		0471C7B82EC283E00030A53F /* Build configuration list for PBXNativeTarget "UITestingPractice2registration" */ = {
			isa = XCConfigurationList;
			buildConfigurations = (
				0471C7B92EC283E00030A53F /* Debug */,
				0471C7BA2EC283E00030A53F /* Release */,
			);
			defaultConfigurationIsVisible = 0;
			defaultConfigurationName = Release;
		};
		0471C7BB2EC283E00030A53F /* Build configuration list for PBXNativeTarget "UITestingPractice2registrationTests" */ = {
			isa = XCConfigurationList;
			buildConfigurations = (
				0471C7BC2EC283E00030A53F /* Debug */,
				0471C7BD2EC283E00030A53F /* Release */,
			);
			defaultConfigurationIsVisible = 0;
			defaultConfigurationName = Release;
		};
		0471C7BE2EC283E00030A53F /* Build configuration list for PBXNativeTarget "UITestingPractice2registrationUITests" */ = {
			isa = XCConfigurationList;
			buildConfigurations = (
				0471C7BF2EC283E00030A53F /* Debug */,
				0471C7C02EC283E00030A53F /* Release */,
			);
			defaultConfigurationIsVisible = 0;
			defaultConfigurationName = Release;
		};
/* End XCConfigurationList section */
	};
	rootObject = 0471C78F2EC283DE0030A53F /* Project object */;
}
